
Microsoft Visual Studio Solution File, Format Version 12.00
# Visual Studio 15
VisualStudioVersion = 15.0.28307.329
MinimumVisualStudioVersion = 10.0.40219.1
Project("{FAE04EC0-301F-11D3-BF4B-00C04F79EFBC}") = "SGBank.UI", "SGBank.UI\SGBank.UI.csproj", "{F7CBA123-ABF4-416D-9F90-E16C8E87FA46}"
EndProject
Project("{FAE04EC0-301F-11D3-BF4B-00C04F79EFBC}") = "SGBank.Models", "SGBank.Models\SGBank.Models.csproj", "{69AA23EB-2A4E-46C1-A28D-88A5CB8C3C21}"
EndProject
Project("{FAE04EC0-301F-11D3-BF4B-00C04F79EFBC}") = "SGBank.BLL", "SGBank.BLL\SGBank.BLL.csproj", "{ABFA515D-BC3B-4DB5-B59D-0B59DBF2BC08}"
EndProject
Project("{FAE04EC0-301F-11D3-BF4B-00C04F79EFBC}") = "SGBank.Data", "SGBank.Data\SGBank.Data.csproj", "{BD3D3DFF-483E-41AB-8771-F5B504220FF0}"
EndProject
Project("{FAE04EC0-301F-11D3-BF4B-00C04F79EFBC}") = "SGBank.Tests", "SGBank.Tests\SGBank.Tests.csproj", "{F4667C27-8BF9-44FA-8D08-5F4439E92CA1}"
EndProject
Global
	GlobalSection(SolutionConfigurationPlatforms) = preSolution
		Debug|Any CPU = Debug|Any CPU
		Release|Any CPU = Release|Any CPU
	EndGlobalSection
	GlobalSection(ProjectConfigurationPlatforms) = postSolution
		{F7CBA123-ABF4-416D-9F90-E16C8E87FA46}.Debug|Any CPU.ActiveCfg = Debug|Any CPU
		{F7CBA123-ABF4-416D-9F90-E16C8E87FA46}.Debug|Any CPU.Build.0 = Debug|Any CPU
		{F7CBA123-ABF4-416D-9F90-E16C8E87FA46}.Release|Any CPU.ActiveCfg = Release|Any CPU
		{F7CBA123-ABF4-416D-9F90-E16C8E87FA46}.Release|Any CPU.Build.0 = Release|Any CPU
		{69AA23EB-2A4E-46C1-A28D-88A5CB8C3C21}.Debug|Any CPU.ActiveCfg = Debug|Any CPU
		{69AA23EB-2A4E-46C1-A28D-88A5CB8C3C21}.Debug|Any CPU.Build.0 = Debug|Any CPU
		{69AA23EB-2A4E-46C1-A28D-88A5CB8C3C21}.Release|Any CPU.ActiveCfg = Release|Any CPU
		{69AA23EB-2A4E-46C1-A28D-88A5CB8C3C21}.Release|Any CPU.Build.0 = Release|Any CPU
		{ABFA515D-BC3B-4DB5-B59D-0B59DBF2BC08}.Debug|Any CPU.ActiveCfg = Debug|Any CPU
		{ABFA515D-BC3B-4DB5-B59D-0B59DBF2BC08}.Debug|Any CPU.Build.0 = Debug|Any CPU
		{ABFA515D-BC3B-4DB5-B59D-0B59DBF2BC08}.Release|Any CPU.ActiveCfg = Release|Any CPU
		{ABFA515D-BC3B-4DB5-B59D-0B59DBF2BC08}.Release|Any CPU.Build.0 = Release|Any CPU
		{BD3D3DFF-483E-41AB-8771-F5B504220FF0}.Debug|Any CPU.ActiveCfg = Debug|Any CPU
		{BD3D3DFF-483E-41AB-8771-F5B504220FF0}.Debug|Any CPU.Build.0 = Debug|Any CPU
		{BD3D3DFF-483E-41AB-8771-F5B504220FF0}.Release|Any CPU.ActiveCfg = Release|Any CPU
		{BD3D3DFF-483E-41AB-8771-F5B504220FF0}.Release|Any CPU.Build.0 = Release|Any CPU
		{F4667C27-8BF9-44FA-8D08-5F4439E92CA1}.Debug|Any CPU.ActiveCfg = Debug|Any CPU
		{F4667C27-8BF9-44FA-8D08-5F4439E92CA1}.Debug|Any CPU.Build.0 = Debug|Any CPU
		{F4667C27-8BF9-44FA-8D08-5F4439E92CA1}.Release|Any CPU.ActiveCfg = Release|Any CPU
		{F4667C27-8BF9-44FA-8D08-5F4439E92CA1}.Release|Any CPU.Build.0 = Release|Any CPU
	EndGlobalSection
	GlobalSection(SolutionProperties) = preSolution
		HideSolutionNode = FALSE
	EndGlobalSection
	GlobalSection(ExtensibilityGlobals) = postSolution
		SolutionGuid = {4DEFE6D1-543D-489D-A17F-E7BE32E0A673}
	EndGlobalSection
EndGlobal
