
Microsoft Visual Studio Solution File, Format Version 12.00
# Visual Studio 15
VisualStudioVersion = 15.0.28307.329
MinimumVisualStudioVersion = 10.0.40219.1
Project("{FAE04EC0-301F-11D3-BF4B-00C04F79EFBC}") = "Flooring.Models", "Flooring.Models\Flooring.Models.csproj", "{C0C3658B-721F-42F4-B5B3-7E8972A4DECF}"
EndProject
Project("{FAE04EC0-301F-11D3-BF4B-00C04F79EFBC}") = "Flooring.BLL", "Flooring.BLL\Flooring.BLL.csproj", "{BE46831E-8E1B-4741-997F-E036D8AF2089}"
	ProjectSection(ProjectDependencies) = postProject
		{3F59305C-0E33-43FB-BB0E-C67B41D66EAB} = {3F59305C-0E33-43FB-BB0E-C67B41D66EAB}
		{C0C3658B-721F-42F4-B5B3-7E8972A4DECF} = {C0C3658B-721F-42F4-B5B3-7E8972A4DECF}
	EndProjectSection
EndProject
Project("{FAE04EC0-301F-11D3-BF4B-00C04F79EFBC}") = "Flooring.Data", "Flooring.Data\Flooring.Data.csproj", "{3F59305C-0E33-43FB-BB0E-C67B41D66EAB}"
	ProjectSection(ProjectDependencies) = postProject
		{C0C3658B-721F-42F4-B5B3-7E8972A4DECF} = {C0C3658B-721F-42F4-B5B3-7E8972A4DECF}
	EndProjectSection
EndProject
Project("{FAE04EC0-301F-11D3-BF4B-00C04F79EFBC}") = "Floorings.UI", "Flooring.UI\Floorings.UI.csproj", "{C4BD1FE3-5192-438F-89E9-B2F02FD1C944}"
EndProject
Global
	GlobalSection(SolutionConfigurationPlatforms) = preSolution
		Debug|Any CPU = Debug|Any CPU
		Release|Any CPU = Release|Any CPU
	EndGlobalSection
	GlobalSection(ProjectConfigurationPlatforms) = postSolution
		{C0C3658B-721F-42F4-B5B3-7E8972A4DECF}.Debug|Any CPU.ActiveCfg = Debug|Any CPU
		{C0C3658B-721F-42F4-B5B3-7E8972A4DECF}.Debug|Any CPU.Build.0 = Debug|Any CPU
		{C0C3658B-721F-42F4-B5B3-7E8972A4DECF}.Release|Any CPU.ActiveCfg = Release|Any CPU
		{C0C3658B-721F-42F4-B5B3-7E8972A4DECF}.Release|Any CPU.Build.0 = Release|Any CPU
		{BE46831E-8E1B-4741-997F-E036D8AF2089}.Debug|Any CPU.ActiveCfg = Debug|Any CPU
		{BE46831E-8E1B-4741-997F-E036D8AF2089}.Debug|Any CPU.Build.0 = Debug|Any CPU
		{BE46831E-8E1B-4741-997F-E036D8AF2089}.Release|Any CPU.ActiveCfg = Release|Any CPU
		{BE46831E-8E1B-4741-997F-E036D8AF2089}.Release|Any CPU.Build.0 = Release|Any CPU
		{3F59305C-0E33-43FB-BB0E-C67B41D66EAB}.Debug|Any CPU.ActiveCfg = Debug|Any CPU
		{3F59305C-0E33-43FB-BB0E-C67B41D66EAB}.Debug|Any CPU.Build.0 = Debug|Any CPU
		{3F59305C-0E33-43FB-BB0E-C67B41D66EAB}.Release|Any CPU.ActiveCfg = Release|Any CPU
		{3F59305C-0E33-43FB-BB0E-C67B41D66EAB}.Release|Any CPU.Build.0 = Release|Any CPU
		{C4BD1FE3-5192-438F-89E9-B2F02FD1C944}.Debug|Any CPU.ActiveCfg = Debug|Any CPU
		{C4BD1FE3-5192-438F-89E9-B2F02FD1C944}.Debug|Any CPU.Build.0 = Debug|Any CPU
		{C4BD1FE3-5192-438F-89E9-B2F02FD1C944}.Release|Any CPU.ActiveCfg = Release|Any CPU
		{C4BD1FE3-5192-438F-89E9-B2F02FD1C944}.Release|Any CPU.Build.0 = Release|Any CPU
	EndGlobalSection
	GlobalSection(SolutionProperties) = preSolution
		HideSolutionNode = FALSE
	EndGlobalSection
	GlobalSection(ExtensibilityGlobals) = postSolution
		SolutionGuid = {CD28B5A4-A86C-4153-AEF9-9277544B0200}
	EndGlobalSection
EndGlobal
